
Microsoft Visual Studio Solution File, Format Version 12.00
# Visual Studio Version 16
VisualStudioVersion = 16.0.31729.503
MinimumVisualStudioVersion = 10.0.40219.1
Project("{FAE04EC0-301F-11D3-BF4B-00C04F79EFBC}") = "DisposePattern", "DisposePattern\DisposePattern.csproj", "{BDDC48F5-F33F-4681-BA78-4ACD7CBEC4E5}"
EndProject
Global
	GlobalSection(SolutionConfigurationPlatforms) = preSolution
		Debug|Any CPU = Debug|Any CPU
		Release|Any CPU = Release|Any CPU
	EndGlobalSection
	GlobalSection(ProjectConfigurationPlatforms) = postSolution
		{BDDC48F5-F33F-4681-BA78-4ACD7CBEC4E5}.Debug|Any CPU.ActiveCfg = Debug|Any CPU
		{BDDC48F5-F33F-4681-BA78-4ACD7CBEC4E5}.Debug|Any CPU.Build.0 = Debug|Any CPU
		{BDDC48F5-F33F-4681-BA78-4ACD7CBEC4E5}.Release|Any CPU.ActiveCfg = Release|Any CPU
		{BDDC48F5-F33F-4681-BA78-4ACD7CBEC4E5}.Release|Any CPU.Build.0 = Release|Any CPU
	EndGlobalSection
	GlobalSection(SolutionProperties) = preSolution
		HideSolutionNode = FALSE
	EndGlobalSection
	GlobalSection(ExtensibilityGlobals) = postSolution
		SolutionGuid = {5F1F2E9B-BFF9-42FC-AC58-131CD824F67D}
	EndGlobalSection
EndGlobal
